
Microsoft Visual Studio Solution File, Format Version 12.00
# Visual Studio Version 17
VisualStudioVersion = 17.0.32014.148
MinimumVisualStudioVersion = 10.0.40219.1
Project("{FAE04EC0-301F-11D3-BF4B-00C04F79EFBC}") = "ARCoreImgChecker", "ARCoreImgChecker\ARCoreImgChecker.csproj", "{7CBB5911-7F51-4359-855D-102FEB4AA945}"
EndProject
Global
	GlobalSection(SolutionConfigurationPlatforms) = preSolution
		Debug|Any CPU = Debug|Any CPU
		Release|Any CPU = Release|Any CPU
	EndGlobalSection
	GlobalSection(ProjectConfigurationPlatforms) = postSolution
		{7CBB5911-7F51-4359-855D-102FEB4AA945}.Debug|Any CPU.ActiveCfg = Debug|Any CPU
		{7CBB5911-7F51-4359-855D-102FEB4AA945}.Debug|Any CPU.Build.0 = Debug|Any CPU
		{7CBB5911-7F51-4359-855D-102FEB4AA945}.Release|Any CPU.ActiveCfg = Release|Any CPU
		{7CBB5911-7F51-4359-855D-102FEB4AA945}.Release|Any CPU.Build.0 = Release|Any CPU
	EndGlobalSection
	GlobalSection(SolutionProperties) = preSolution
		HideSolutionNode = FALSE
	EndGlobalSection
	GlobalSection(ExtensibilityGlobals) = postSolution
		SolutionGuid = {297511B8-A8E8-4702-A11D-8B06AEE91968}
	EndGlobalSection
EndGlobal
